{
  "name": "prompts",
  "version": "1.0.0",
  "lockfileVersion": 3,
  "requires": true,
  "packages": {
    "": {
      "devDependencies": {
        "markdown-wasm": "^1.2.0",
        "ress": "^5.0.2",
        "typescript": "^4.9.5"
      }
    },
    "node_modules/markdown-wasm": {
      "version": "1.2.0",
      "resolved": "https://registry.npmjs.org/markdown-wasm/-/markdown-wasm-1.2.0.tgz",
      "integrity": "sha512-S12OTkyXCkOgI1n1rZY9cg4bK/PGu80Emjpvwp8BEjwCxhPV3yddF0U6+QhCitdBsI1tzWcoeahmW7k0Pq81OA==",
      "dev": true
    },
    "node_modules/ress": {
      "version": "5.0.2",
      "resolved": "https://registry.npmjs.org/ress/-/ress-5.0.2.tgz",
      "integrity": "sha512-oHBtOWo/Uc8SzQMbQNIKTcgi8wKmAs7IlNlRywmXudbOtF+c27FlOIq7tnwLDVcTywe6JXYo1pDXHO6kABwNYA==",
      "dev": true
    },
    "node_modules/typescript": {
      "version": "4.9.5",
      "resolved": "https://registry.npmjs.org/typescript/-/typescript-4.9.5.tgz",
      "integrity": "sha512-1FXk9E2Hm+QzZQ7z+McJiHL4NW1F2EzMu9Nq9i3zAaGqibafqYwCVU6WyWAuyQRRzOlxou8xZSyXLEN8oKj24g==",
      "dev": true,
      "bin": {
        "tsc": "bin/tsc",
        "tsserver": "bin/tsserver"
      },
      "engines": {
        "node": ">=4.2.0"
      }
    }
  }
}
